// !$*UTF8*$!
{
	archiveVersion = 1;
	classes = {
	};
	objectVersion = 48;
	objects = {

/* Begin PBXBuildFile section */
		7AB3880B1FD6367D00C7AC90 /* AppDelegate.swift in Sources */ = {isa = PBXBuildFile; fileRef = 7AB3880A1FD6367D00C7AC90 /* AppDelegate.swift */; };
		7AB3880D1FD6367D00C7AC90 /* ViewController.swift in Sources */ = {isa = PBXBuildFile; fileRef = 7AB3880C1FD6367D00C7AC90 /* ViewController.swift */; };
		7AB388101FD6367D00C7AC90 /* Main.storyboard in Resources */ = {isa = PBXBuildFile; fileRef = 7AB3880E1FD6367D00C7AC90 /* Main.storyboard */; };
		7AB388121FD6367D00C7AC90 /* Assets.xcassets in Resources */ = {isa = PBXBuildFile; fileRef = 7AB388111FD6367D00C7AC90 /* Assets.xcassets */; };
		7AB388151FD6367D00C7AC90 /* LaunchScreen.storyboard in Resources */ = {isa = PBXBuildFile; fileRef = 7AB388131FD6367D00C7AC90 /* LaunchScreen.storyboard */; };
		7AB388201FD6367D00C7AC90 /* ____swiftTests.swift in Sources */ = {isa = PBXBuildFile; fileRef = 7AB3881F1FD6367D00C7AC90 /* ____swiftTests.swift */; };
		7AB3882B1FD6367D00C7AC90 /* ____swiftUITests.swift in Sources */ = {isa = PBXBuildFile; fileRef = 7AB3882A1FD6367D00C7AC90 /* ____swiftUITests.swift */; };
/* End PBXBuildFile section */

/* Begin PBXContainerItemProxy section */
		7AB3881C1FD6367D00C7AC90 /* PBXContainerItemProxy */ = {
			isa = PBXContainerItemProxy;
			containerPortal = 7AB387FF1FD6367D00C7AC90 /* Project object */;
			proxyType = 1;
			remoteGlobalIDString = 7AB388061FD6367D00C7AC90;
			remoteInfo = "新浪微博swift";
		};
		7AB388271FD6367D00C7AC90 /* PBXContainerItemProxy */ = {
			isa = PBXContainerItemProxy;
			containerPortal = 7AB387FF1FD6367D00C7AC90 /* Project object */;
			proxyType = 1;
			remoteGlobalIDString = 7AB388061FD6367D00C7AC90;
			remoteInfo = "新浪微博swift";
		};
/* End PBXContainerItemProxy section */

/* Begin PBXFileReference section */
		7AB388071FD6367D00C7AC90 /* 新浪微博swift.app */ = {isa = PBXFileReference; explicitFileType = wrapper.application; includeInIndex = 0; path = "新浪微博swift.app"; sourceTree = BUILT_PRODUCTS_DIR; };
		7AB3880A1FD6367D00C7AC90 /* AppDelegate.swift */ = {isa = PBXFileReference; lastKnownFileType = sourcecode.swift; path = AppDelegate.swift; sourceTree = "<group>"; };
		7AB3880C1FD6367D00C7AC90 /* ViewController.swift */ = {isa = PBXFileReference; lastKnownFileType = sourcecode.swift; path = ViewController.swift; sourceTree = "<group>"; };
		7AB3880F1FD6367D00C7AC90 /* Base */ = {isa = PBXFileReference; lastKnownFileType = file.storyboard; name = Base; path = Base.lproj/Main.storyboard; sourceTree = "<group>"; };
		7AB388111FD6367D00C7AC90 /* Assets.xcassets */ = {isa = PBXFileReference; lastKnownFileType = folder.assetcatalog; path = Assets.xcassets; sourceTree = "<group>"; };
		7AB388141FD6367D00C7AC90 /* Base */ = {isa = PBXFileReference; lastKnownFileType = file.storyboard; name = Base; path = Base.lproj/LaunchScreen.storyboard; sourceTree = "<group>"; };
		7AB388161FD6367D00C7AC90 /* Info.plist */ = {isa = PBXFileReference; lastKnownFileType = text.plist.xml; path = Info.plist; sourceTree = "<group>"; };
		7AB3881B1FD6367D00C7AC90 /* 新浪微博swiftTests.xctest */ = {isa = PBXFileReference; explicitFileType = wrapper.cfbundle; includeInIndex = 0; path = "新浪微博swiftTests.xctest"; sourceTree = BUILT_PRODUCTS_DIR; };
		7AB3881F1FD6367D00C7AC90 /* ____swiftTests.swift */ = {isa = PBXFileReference; lastKnownFileType = sourcecode.swift; path = "____swiftTests.swift"; sourceTree = "<group>"; };
		7AB388211FD6367D00C7AC90 /* Info.plist */ = {isa = PBXFileReference; lastKnownFileType = text.plist.xml; path = Info.plist; sourceTree = "<group>"; };
		7AB388261FD6367D00C7AC90 /* 新浪微博swiftUITests.xctest */ = {isa = PBXFileReference; explicitFileType = wrapper.cfbundle; includeInIndex = 0; path = "新浪微博swiftUITests.xctest"; sourceTree = BUILT_PRODUCTS_DIR; };
		7AB3882A1FD6367D00C7AC90 /* ____swiftUITests.swift */ = {isa = PBXFileReference; lastKnownFileType = sourcecode.swift; path = "____swiftUITests.swift"; sourceTree = "<group>"; };
		7AB3882C1FD6367D00C7AC90 /* Info.plist */ = {isa = PBXFileReference; lastKnownFileType = text.plist.xml; path = Info.plist; sourceTree = "<group>"; };
/* End PBXFileReference section */

/* Begin PBXFrameworksBuildPhase section */
		7AB388041FD6367D00C7AC90 /* Frameworks */ = {
			isa = PBXFrameworksBuildPhase;
			buildActionMask = 2147483647;
			files = (
			);
			runOnlyForDeploymentPostprocessing = 0;
		};
		7AB388181FD6367D00C7AC90 /* Frameworks */ = {
			isa = PBXFrameworksBuildPhase;
			buildActionMask = 2147483647;
			files = (
			);
			runOnlyForDeploymentPostprocessing = 0;
		};
		7AB388231FD6367D00C7AC90 /* Frameworks */ = {
			isa = PBXFrameworksBuildPhase;
			buildActionMask = 2147483647;
			files = (
			);
			runOnlyForDeploymentPostprocessing = 0;
		};
/* End PBXFrameworksBuildPhase section */

/* Begin PBXGroup section */
		7AB387FE1FD6367D00C7AC90 = {
			isa = PBXGroup;
			children = (
				7AB388091FD6367D00C7AC90 /* 新浪微博swift */,
				7AB3881E1FD6367D00C7AC90 /* 新浪微博swiftTests */,
				7AB388291FD6367D00C7AC90 /* 新浪微博swiftUITests */,
				7AB388081FD6367D00C7AC90 /* Products */,
			);
			sourceTree = "<group>";
		};
		7AB388081FD6367D00C7AC90 /* Products */ = {
			isa = PBXGroup;
			children = (
				7AB388071FD6367D00C7AC90 /* 新浪微博swift.app */,
				7AB3881B1FD6367D00C7AC90 /* 新浪微博swiftTests.xctest */,
				7AB388261FD6367D00C7AC90 /* 新浪微博swiftUITests.xctest */,
			);
			name = Products;
			sourceTree = "<group>";
		};
		7AB388091FD6367D00C7AC90 /* 新浪微博swift */ = {
			isa = PBXGroup;
			children = (
				7AB3880A1FD6367D00C7AC90 /* AppDelegate.swift */,
				7AB3880C1FD6367D00C7AC90 /* ViewController.swift */,
				7AB3880E1FD6367D00C7AC90 /* Main.storyboard */,
				7AB388111FD6367D00C7AC90 /* Assets.xcassets */,
				7AB388131FD6367D00C7AC90 /* LaunchScreen.storyboard */,
				7AB388161FD6367D00C7AC90 /* Info.plist */,
			);
			path = "新浪微博swift";
			sourceTree = "<group>";
		};
		7AB3881E1FD6367D00C7AC90 /* 新浪微博swiftTests */ = {
			isa = PBXGroup;
			children = (
				7AB3881F1FD6367D00C7AC90 /* ____swiftTests.swift */,
				7AB388211FD6367D00C7AC90 /* Info.plist */,
			);
			path = "新浪微博swiftTests";
			sourceTree = "<group>";
		};
		7AB388291FD6367D00C7AC90 /* 新浪微博swiftUITests */ = {
			isa = PBXGroup;
			children = (
				7AB3882A1FD6367D00C7AC90 /* ____swiftUITests.swift */,
				7AB3882C1FD6367D00C7AC90 /* Info.plist */,
			);
			path = "新浪微博swiftUITests";
			sourceTree = "<group>";
		};
/* End PBXGroup section */

/* Begin PBXNativeTarget section */
		7AB388061FD6367D00C7AC90 /* 新浪微博swift */ = {
			isa = PBXNativeTarget;
			buildConfigurationList = 7AB3882F1FD6367D00C7AC90 /* Build configuration list for PBXNativeTarget "新浪微博swift" */;
			buildPhases = (
				7AB388031FD6367D00C7AC90 /* Sources */,
				7AB388041FD6367D00C7AC90 /* Frameworks */,
				7AB388051FD6367D00C7AC90 /* Resources */,
			);
			buildRules = (
			);
			dependencies = (
			);
			name = "新浪微博swift";
			productName = "新浪微博swift";
			productReference = 7AB388071FD6367D00C7AC90 /* 新浪微博swift.app */;
			productType = "com.apple.product-type.application";
		};
		7AB3881A1FD6367D00C7AC90 /* 新浪微博swiftTests */ = {
			isa = PBXNativeTarget;
			buildConfigurationList = 7AB388321FD6367D00C7AC90 /* Build configuration list for PBXNativeTarget "新浪微博swiftTests" */;
			buildPhases = (
				7AB388171FD6367D00C7AC90 /* Sources */,
				7AB388181FD6367D00C7AC90 /* Frameworks */,
				7AB388191FD6367D00C7AC90 /* Resources */,
			);
			buildRules = (
			);
			dependencies = (
				7AB3881D1FD6367D00C7AC90 /* PBXTargetDependency */,
			);
			name = "新浪微博swiftTests";
			productName = "新浪微博swiftTests";
			productReference = 7AB3881B1FD6367D00C7AC90 /* 新浪微博swiftTests.xctest */;
			productType = "com.apple.product-type.bundle.unit-test";
		};
		7AB388251FD6367D00C7AC90 /* 新浪微博swiftUITests */ = {
			isa = PBXNativeTarget;
			buildConfigurationList = 7AB388351FD6367D00C7AC90 /* Build configuration list for PBXNativeTarget "新浪微博swiftUITests" */;
			buildPhases = (
				7AB388221FD6367D00C7AC90 /* Sources */,
				7AB388231FD6367D00C7AC90 /* Frameworks */,
				7AB388241FD6367D00C7AC90 /* Resources */,
			);
			buildRules = (
			);
			dependencies = (
				7AB388281FD6367D00C7AC90 /* PBXTargetDependency */,
			);
			name = "新浪微博swiftUITests";
			productName = "新浪微博swiftUITests";
			productReference = 7AB388261FD6367D00C7AC90 /* 新浪微博swiftUITests.xctest */;
			productType = "com.apple.product-type.bundle.ui-testing";
		};
/* End PBXNativeTarget section */

/* Begin PBXProject section */
		7AB387FF1FD6367D00C7AC90 /* Project object */ = {
			isa = PBXProject;
			attributes = {
				LastSwiftUpdateCheck = 0910;
				LastUpgradeCheck = 0910;
				ORGANIZATIONNAME = xjt;
				TargetAttributes = {
					7AB388061FD6367D00C7AC90 = {
						CreatedOnToolsVersion = 9.1;
						ProvisioningStyle = Automatic;
					};
					7AB3881A1FD6367D00C7AC90 = {
						CreatedOnToolsVersion = 9.1;
						ProvisioningStyle = Automatic;
						TestTargetID = 7AB388061FD6367D00C7AC90;
					};
					7AB388251FD6367D00C7AC90 = {
						CreatedOnToolsVersion = 9.1;
						ProvisioningStyle = Automatic;
						TestTargetID = 7AB388061FD6367D00C7AC90;
					};
				};
			};
			buildConfigurationList = 7AB388021FD6367D00C7AC90 /* Build configuration list for PBXProject "新浪微博swift" */;
			compatibilityVersion = "Xcode 8.0";
			developmentRegion = en;
			hasScannedForEncodings = 0;
			knownRegions = (
				en,
				Base,
			);
			mainGroup = 7AB387FE1FD6367D00C7AC90;
			productRefGroup = 7AB388081FD6367D00C7AC90 /* Products */;
			projectDirPath = "";
			projectRoot = "";
			targets = (
				7AB388061FD6367D00C7AC90 /* 新浪微博swift */,
				7AB3881A1FD6367D00C7AC90 /* 新浪微博swiftTests */,
				7AB388251FD6367D00C7AC90 /* 新浪微博swiftUITests */,
			);
		};
/* End PBXProject section */

/* Begin PBXResourcesBuildPhase section */
		7AB388051FD6367D00C7AC90 /* Resources */ = {
			isa = PBXResourcesBuildPhase;
			buildActionMask = 2147483647;
			files = (
				7AB388151FD6367D00C7AC90 /* LaunchScreen.storyboard in Resources */,
				7AB388121FD6367D00C7AC90 /* Assets.xcassets in Resources */,
				7AB388101FD6367D00C7AC90 /* Main.storyboard in Resources */,
			);
			runOnlyForDeploymentPostprocessing = 0;
		};
		7AB388191FD6367D00C7AC90 /* Resources */ = {
			isa = PBXResourcesBuildPhase;
			buildActionMask = 2147483647;
			files = (
			);
			runOnlyForDeploymentPostprocessing = 0;
		};
		7AB388241FD6367D00C7AC90 /* Resources */ = {
			isa = PBXResourcesBuildPhase;
			buildActionMask = 2147483647;
			files = (
			);
			runOnlyForDeploymentPostprocessing = 0;
		};
/* End PBXResourcesBuildPhase section */

/* Begin PBXSourcesBuildPhase section */
		7AB388031FD6367D00C7AC90 /* Sources */ = {
			isa = PBXSourcesBuildPhase;
			buildActionMask = 2147483647;
			files = (
				7AB3880D1FD6367D00C7AC90 /* ViewController.swift in Sources */,
				7AB3880B1FD6367D00C7AC90 /* AppDelegate.swift in Sources */,
			);
			runOnlyForDeploymentPostprocessing = 0;
		};
		7AB388171FD6367D00C7AC90 /* Sources */ = {
			isa = PBXSourcesBuildPhase;
			buildActionMask = 2147483647;
			files = (
				7AB388201FD6367D00C7AC90 /* ____swiftTests.swift in Sources */,
			);
			runOnlyForDeploymentPostprocessing = 0;
		};
		7AB388221FD6367D00C7AC90 /* Sources */ = {
			isa = PBXSourcesBuildPhase;
			buildActionMask = 2147483647;
			files = (
				7AB3882B1FD6367D00C7AC90 /* ____swiftUITests.swift in Sources */,
			);
			runOnlyForDeploymentPostprocessing = 0;
		};
/* End PBXSourcesBuildPhase section */

/* Begin PBXTargetDependency section */
		7AB3881D1FD6367D00C7AC90 /* PBXTargetDependency */ = {
			isa = PBXTargetDependency;
			target = 7AB388061FD6367D00C7AC90 /* 新浪微博swift */;
			targetProxy = 7AB3881C1FD6367D00C7AC90 /* PBXContainerItemProxy */;
		};
		7AB388281FD6367D00C7AC90 /* PBXTargetDependency */ = {
			isa = PBXTargetDependency;
			target = 7AB388061FD6367D00C7AC90 /* 新浪微博swift */;
			targetProxy = 7AB388271FD6367D00C7AC90 /* PBXContainerItemProxy */;
		};
/* End PBXTargetDependency section */

/* Begin PBXVariantGroup section */
		7AB3880E1FD6367D00C7AC90 /* Main.storyboard */ = {
			isa = PBXVariantGroup;
			children = (
				7AB3880F1FD6367D00C7AC90 /* Base */,
			);
			name = Main.storyboard;
			sourceTree = "<group>";
		};
		7AB388131FD6367D00C7AC90 /* LaunchScreen.storyboard */ = {
			isa = PBXVariantGroup;
			children = (
				7AB388141FD6367D00C7AC90 /* Base */,
			);
			name = LaunchScreen.storyboard;
			sourceTree = "<group>";
		};
/* End PBXVariantGroup section */

/* Begin XCBuildConfiguration section */
		7AB3882D1FD6367D00C7AC90 /* Debug */ = {
			isa = XCBuildConfiguration;
			buildSettings = {
				ALWAYS_SEARCH_USER_PATHS = NO;
				CLANG_ANALYZER_NONNULL = YES;
				CLANG_ANALYZER_NUMBER_OBJECT_CONVERSION = YES_AGGRESSIVE;
				CLANG_CXX_LANGUAGE_STANDARD = "gnu++14";
				CLANG_CXX_LIBRARY = "libc++";
				CLANG_ENABLE_MODULES = YES;
				CLANG_ENABLE_OBJC_ARC = YES;
				CLANG_WARN_BLOCK_CAPTURE_AUTORELEASING = YES;
				CLANG_WARN_BOOL_CONVERSION = YES;
				CLANG_WARN_COMMA = YES;
				CLANG_WARN_CONSTANT_CONVERSION = YES;
				CLANG_WARN_DIRECT_OBJC_ISA_USAGE = YES_ERROR;
				CLANG_WARN_DOCUMENTATION_COMMENTS = YES;
				CLANG_WARN_EMPTY_BODY = YES;
				CLANG_WARN_ENUM_CONVERSION = YES;
				CLANG_WARN_INFINITE_RECURSION = YES;
				CLANG_WARN_INT_CONVERSION = YES;
				CLANG_WARN_NON_LITERAL_NULL_CONVERSION = YES;
				CLANG_WARN_OBJC_LITERAL_CONVERSION = YES;
				CLANG_WARN_OBJC_ROOT_CLASS = YES_ERROR;
				CLANG_WARN_RANGE_LOOP_ANALYSIS = YES;
				CLANG_WARN_STRICT_PROTOTYPES = YES;
				CLANG_WARN_SUSPICIOUS_MOVE = YES;
				CLANG_WARN_UNGUARDED_AVAILABILITY = YES_AGGRESSIVE;
				CLANG_WARN_UNREACHABLE_CODE = YES;
				CLANG_WARN__DUPLICATE_METHOD_MATCH = YES;
				CODE_SIGN_IDENTITY = "iPhone Developer";
				COPY_PHASE_STRIP = NO;
				DEBUG_INFORMATION_FORMAT = dwarf;
				ENABLE_STRICT_OBJC_MSGSEND = YES;
				ENABLE_TESTABILITY = YES;
				GCC_C_LANGUAGE_STANDARD = gnu11;
				GCC_DYNAMIC_NO_PIC = NO;
				GCC_NO_COMMON_BLOCKS = YES;
				GCC_OPTIMIZATION_LEVEL = 0;
				GCC_PREPROCESSOR_DEFINITIONS = (
					"DEBUG=1",
					"$(inherited)",
				);
				GCC_WARN_64_TO_32_BIT_CONVERSION = YES;
				GCC_WARN_ABOUT_RETURN_TYPE = YES_ERROR;
				GCC_WARN_UNDECLARED_SELECTOR = YES;
				GCC_WARN_UNINITIALIZED_AUTOS = YES_AGGRESSIVE;
				GCC_WARN_UNUSED_FUNCTION = YES;
				GCC_WARN_UNUSED_VARIABLE = YES;
				IPHONEOS_DEPLOYMENT_TARGET = 11.1;
				MTL_ENABLE_DEBUG_INFO = YES;
				ONLY_ACTIVE_ARCH = YES;
				SDKROOT = iphoneos;
				SWIFT_ACTIVE_COMPILATION_CONDITIONS = DEBUG;
				SWIFT_OPTIMIZATION_LEVEL = "-Onone";
			};
			name = Debug;
		};
		7AB3882E1FD6367D00C7AC90 /* Release */ = {
			isa = XCBuildConfiguration;
			buildSettings = {
				ALWAYS_SEARCH_USER_PATHS = NO;
				CLANG_ANALYZER_NONNULL = YES;
				CLANG_ANALYZER_NUMBER_OBJECT_CONVERSION = YES_AGGRESSIVE;
				CLANG_CXX_LANGUAGE_STANDARD = "gnu++14";
				CLANG_CXX_LIBRARY = "libc++";
				CLANG_ENABLE_MODULES = YES;
				CLANG_ENABLE_OBJC_ARC = YES;
				CLANG_WARN_BLOCK_CAPTURE_AUTORELEASING = YES;
				CLANG_WARN_BOOL_CONVERSION = YES;
				CLANG_WARN_COMMA = YES;
				CLANG_WARN_CONSTANT_CONVERSION = YES;
				CLANG_WARN_DIRECT_OBJC_ISA_USAGE = YES_ERROR;
				CLANG_WARN_DOCUMENTATION_COMMENTS = YES;
				CLANG_WARN_EMPTY_BODY = YES;
				CLANG_WARN_ENUM_CONVERSION = YES;
				CLANG_WARN_INFINITE_RECURSION = YES;
				CLANG_WARN_INT_CONVERSION = YES;
				CLANG_WARN_NON_LITERAL_NULL_CONVERSION = YES;
				CLANG_WARN_OBJC_LITERAL_CONVERSION = YES;
				CLANG_WARN_OBJC_ROOT_CLASS = YES_ERROR;
				CLANG_WARN_RANGE_LOOP_ANALYSIS = YES;
				CLANG_WARN_STRICT_PROTOTYPES = YES;
				CLANG_WARN_SUSPICIOUS_MOVE = YES;
				CLANG_WARN_UNGUARDED_AVAILABILITY = YES_AGGRESSIVE;
				CLANG_WARN_UNREACHABLE_CODE = YES;
				CLANG_WARN__DUPLICATE_METHOD_MATCH = YES;
				CODE_SIGN_IDENTITY = "iPhone Developer";
				COPY_PHASE_STRIP = NO;
				DEBUG_INFORMATION_FORMAT = "dwarf-with-dsym";
				ENABLE_NS_ASSERTIONS = NO;
				ENABLE_STRICT_OBJC_MSGSEND = YES;
				GCC_C_LANGUAGE_STANDARD = gnu11;
				GCC_NO_COMMON_BLOCKS = YES;
				GCC_WARN_64_TO_32_BIT_CONVERSION = YES;
				GCC_WARN_ABOUT_RETURN_TYPE = YES_ERROR;
				GCC_WARN_UNDECLARED_SELECTOR = YES;
				GCC_WARN_UNINITIALIZED_AUTOS = YES_AGGRESSIVE;
				GCC_WARN_UNUSED_FUNCTION = YES;
				GCC_WARN_UNUSED_VARIABLE = YES;
				IPHONEOS_DEPLOYMENT_TARGET = 11.1;
				MTL_ENABLE_DEBUG_INFO = NO;
				SDKROOT = iphoneos;
				SWIFT_OPTIMIZATION_LEVEL = "-Owholemodule";
				VALIDATE_PRODUCT = YES;
			};
			name = Release;
		};
		7AB388301FD6367D00C7AC90 /* Debug */ = {
			isa = XCBuildConfiguration;
			buildSettings = {
				ASSETCATALOG_COMPILER_APPICON_NAME = AppIcon;
				CODE_SIGN_STYLE = Automatic;
				INFOPLIST_FILE = "新浪微博swift/Info.plist";
				LD_RUNPATH_SEARCH_PATHS = "$(inherited) @executable_path/Frameworks";
				PRODUCT_BUNDLE_IDENTIFIER = "-23.----swift";
				PRODUCT_NAME = "$(TARGET_NAME)";
				SWIFT_VERSION = 4.0;
				TARGETED_DEVICE_FAMILY = "1,2";
			};
			name = Debug;
		};
		7AB388311FD6367D00C7AC90 /* Release */ = {
			isa = XCBuildConfiguration;
			buildSettings = {
				ASSETCATALOG_COMPILER_APPICON_NAME = AppIcon;
				CODE_SIGN_STYLE = Automatic;
				INFOPLIST_FILE = "新浪微博swift/Info.plist";
				LD_RUNPATH_SEARCH_PATHS = "$(inherited) @executable_path/Frameworks";
				PRODUCT_BUNDLE_IDENTIFIER = "-23.----swift";
				PRODUCT_NAME = "$(TARGET_NAME)";
				SWIFT_VERSION = 4.0;
				TARGETED_DEVICE_FAMILY = "1,2";
			};
			name = Release;
		};
		7AB388331FD6367D00C7AC90 /* Debug */ = {
			isa = XCBuildConfiguration;
			buildSettings = {
				ALWAYS_EMBED_SWIFT_STANDARD_LIBRARIES = YES;
				BUNDLE_LOADER = "$(TEST_HOST)";
				CODE_SIGN_STYLE = Automatic;
				INFOPLIST_FILE = "新浪微博swiftTests/Info.plist";
				LD_RUNPATH_SEARCH_PATHS = "$(inherited) @executable_path/Frameworks @loader_path/Frameworks";
				PRODUCT_BUNDLE_IDENTIFIER = "-23.----swiftTests";
				PRODUCT_NAME = "$(TARGET_NAME)";
				SWIFT_VERSION = 4.0;
				TARGETED_DEVICE_FAMILY = "1,2";
				TEST_HOST = "$(BUILT_PRODUCTS_DIR)/新浪微博swift.app/新浪微博swift";
			};
			name = Debug;
		};
		7AB388341FD6367D00C7AC90 /* Release */ = {
			isa = XCBuildConfiguration;
			buildSettings = {
				ALWAYS_EMBED_SWIFT_STANDARD_LIBRARIES = YES;
				BUNDLE_LOADER = "$(TEST_HOST)";
				CODE_SIGN_STYLE = Automatic;
				INFOPLIST_FILE = "新浪微博swiftTests/Info.plist";
				LD_RUNPATH_SEARCH_PATHS = "$(inherited) @executable_path/Frameworks @loader_path/Frameworks";
				PRODUCT_BUNDLE_IDENTIFIER = "-23.----swiftTests";
				PRODUCT_NAME = "$(TARGET_NAME)";
				SWIFT_VERSION = 4.0;
				TARGETED_DEVICE_FAMILY = "1,2";
				TEST_HOST = "$(BUILT_PRODUCTS_DIR)/新浪微博swift.app/新浪微博swift";
			};
			name = Release;
		};
		7AB388361FD6367D00C7AC90 /* Debug */ = {
			isa = XCBuildConfiguration;
			buildSettings = {
				ALWAYS_EMBED_SWIFT_STANDARD_LIBRARIES = YES;
				CODE_SIGN_STYLE = Automatic;
				INFOPLIST_FILE = "新浪微博swiftUITests/Info.plist";
				LD_RUNPATH_SEARCH_PATHS = "$(inherited) @executable_path/Frameworks @loader_path/Frameworks";
				PRODUCT_BUNDLE_IDENTIFIER = "-23.----swiftUITests";
				PRODUCT_NAME = "$(TARGET_NAME)";
				SWIFT_VERSION = 4.0;
				TARGETED_DEVICE_FAMILY = "1,2";
				TEST_TARGET_NAME = "新浪微博swift";
			};
			name = Debug;
		};
		7AB388371FD6367D00C7AC90 /* Release */ = {
			isa = XCBuildConfiguration;
			buildSettings = {
				ALWAYS_EMBED_SWIFT_STANDARD_LIBRARIES = YES;
				CODE_SIGN_STYLE = Automatic;
				INFOPLIST_FILE = "新浪微博swiftUITests/Info.plist";
				LD_RUNPATH_SEARCH_PATHS = "$(inherited) @executable_path/Frameworks @loader_path/Frameworks";
				PRODUCT_BUNDLE_IDENTIFIER = "-23.----swiftUITests";
				PRODUCT_NAME = "$(TARGET_NAME)";
				SWIFT_VERSION = 4.0;
				TARGETED_DEVICE_FAMILY = "1,2";
				TEST_TARGET_NAME = "新浪微博swift";
			};
			name = Release;
		};
/* End XCBuildConfiguration section */

/* Begin XCConfigurationList section */
		7AB388021FD6367D00C7AC90 /* Build configuration list for PBXProject "新浪微博swift" */ = {
			isa = XCConfigurationList;
			buildConfigurations = (
				7AB3882D1FD6367D00C7AC90 /* Debug */,
				7AB3882E1FD6367D00C7AC90 /* Release */,
			);
			defaultConfigurationIsVisible = 0;
			defaultConfigurationName = Release;
		};
		7AB3882F1FD6367D00C7AC90 /* Build configuration list for PBXNativeTarget "新浪微博swift" */ = {
			isa = XCConfigurationList;
			buildConfigurations = (
				7AB388301FD6367D00C7AC90 /* Debug */,
				7AB388311FD6367D00C7AC90 /* Release */,
			);
			defaultConfigurationIsVisible = 0;
			defaultConfigurationName = Release;
		};
		7AB388321FD6367D00C7AC90 /* Build configuration list for PBXNativeTarget "新浪微博swiftTests" */ = {
			isa = XCConfigurationList;
			buildConfigurations = (
				7AB388331FD6367D00C7AC90 /* Debug */,
				7AB388341FD6367D00C7AC90 /* Release */,
			);
			defaultConfigurationIsVisible = 0;
			defaultConfigurationName = Release;
		};
		7AB388351FD6367D00C7AC90 /* Build configuration list for PBXNativeTarget "新浪微博swiftUITests" */ = {
			isa = XCConfigurationList;
			buildConfigurations = (
				7AB388361FD6367D00C7AC90 /* Debug */,
				7AB388371FD6367D00C7AC90 /* Release */,
			);
			defaultConfigurationIsVisible = 0;
			defaultConfigurationName = Release;
		};
/* End XCConfigurationList section */
	};
	rootObject = 7AB387FF1FD6367D00C7AC90 /* Project object */;
}
